
Microsoft Visual Studio Solution File, Format Version 12.00
# Visual Studio 2013
VisualStudioVersion = 12.0.31101.0
MinimumVisualStudioVersion = 10.0.40219.1
Project("{8BC9CEB8-8B4A-11D0-8D11-00A0C91BC942}") = "Library", "Lib\lib.vcxproj", "{22222222-2222-2222-2222-222222222222}"
EndProject
Project("{8BC9CEB8-8B4A-11D0-8D11-00A0C91BC942}") = "Plugin Example", "Plugin Example\Plugin Example.vcxproj", "{4B47C3F8-33A6-4A56-B165-57A636EC0E9A}"
	ProjectSection(ProjectDependencies) = postProject
		{22222222-2222-2222-2222-222222222222} = {22222222-2222-2222-2222-222222222222}
	EndProjectSection
EndProject
Global
	GlobalSection(SolutionConfigurationPlatforms) = preSolution
		Debug|Win32 = Debug|Win32
		Release|Win32 = Release|Win32
	EndGlobalSection
	GlobalSection(ProjectConfigurationPlatforms) = postSolution
		{22222222-2222-2222-2222-222222222222}.Debug|Win32.ActiveCfg = Debug|Win32
		{22222222-2222-2222-2222-222222222222}.Debug|Win32.Build.0 = Debug|Win32
		{22222222-2222-2222-2222-222222222222}.Release|Win32.ActiveCfg = Release|Win32
		{22222222-2222-2222-2222-222222222222}.Release|Win32.Build.0 = Release|Win32
		{4B47C3F8-33A6-4A56-B165-57A636EC0E9A}.Debug|Win32.ActiveCfg = Debug|Win32
		{4B47C3F8-33A6-4A56-B165-57A636EC0E9A}.Debug|Win32.Build.0 = Debug|Win32
		{4B47C3F8-33A6-4A56-B165-57A636EC0E9A}.Release|Win32.ActiveCfg = Release|Win32
		{4B47C3F8-33A6-4A56-B165-57A636EC0E9A}.Release|Win32.Build.0 = Release|Win32
	EndGlobalSection
	GlobalSection(SolutionProperties) = preSolution
		HideSolutionNode = FALSE
	EndGlobalSection
EndGlobal
